// !$*UTF8*$!
{
	archiveVersion = 1;
	classes = {
	};
	objectVersion = 46;
	objects = {

/* Begin PBXBuildFile section */
		07373EE217FB929F00AB2B13 /* StoreKit.framework in Frameworks */ = {isa = PBXBuildFile; fileRef = 07373EE117FB929F00AB2B13 /* StoreKit.framework */; };
		07373EE417FB92B200AB2B13 /* MapKit.framework in Frameworks */ = {isa = PBXBuildFile; fileRef = 07373EE317FB92B200AB2B13 /* MapKit.framework */; };
		0746D43518006465002EA77D /* CTAEndpoints.m in Sources */ = {isa = PBXBuildFile; fileRef = 0746D43418006465002EA77D /* CTAEndpoints.m */; };
		0746D438180090EE002EA77D /* Route.m in Sources */ = {isa = PBXBuildFile; fileRef = 0746D437180090EE002EA77D /* Route.m */; };
		0746D43B18009170002EA77D /* Vehicle.m in Sources */ = {isa = PBXBuildFile; fileRef = 0746D43A18009170002EA77D /* Vehicle.m */; };
		0746D43E180092C0002EA77D /* Direction.m in Sources */ = {isa = PBXBuildFile; fileRef = 0746D43D180092C0002EA77D /* Direction.m */; };
		0746D441180092ED002EA77D /* BusStop.m in Sources */ = {isa = PBXBuildFile; fileRef = 0746D440180092ED002EA77D /* BusStop.m */; };
		0746D4441800935F002EA77D /* Pattern.m in Sources */ = {isa = PBXBuildFile; fileRef = 0746D4431800935F002EA77D /* Pattern.m */; };
		0746D44718009656002EA77D /* Pt.m in Sources */ = {isa = PBXBuildFile; fileRef = 0746D44618009656002EA77D /* Pt.m */; };
		0746D44A1800974F002EA77D /* Prediction.m in Sources */ = {isa = PBXBuildFile; fileRef = 0746D4491800974F002EA77D /* Prediction.m */; };
		0746D44E18009968002EA77D /* ServiceBulletin.m in Sources */ = {isa = PBXBuildFile; fileRef = 0746D44D18009968002EA77D /* ServiceBulletin.m */; };
		0746D45118009AB8002EA77D /* AffectedService.m in Sources */ = {isa = PBXBuildFile; fileRef = 0746D45018009AB8002EA77D /* AffectedService.m */; };
		0746D45418009F25002EA77D /* MappingProvider.m in Sources */ = {isa = PBXBuildFile; fileRef = 0746D45318009F25002EA77D /* MappingProvider.m */; };
		0746D4561800AEC4002EA77D /* MobileCoreServices.framework in Frameworks */ = {isa = PBXBuildFile; fileRef = 0746D4551800AEC4002EA77D /* MobileCoreServices.framework */; };
		0746D4581800AED0002EA77D /* SystemConfiguration.framework in Frameworks */ = {isa = PBXBuildFile; fileRef = 0746D4571800AED0002EA77D /* SystemConfiguration.framework */; };
		078514951801C703004199DB /* NSDictionary+URLAdditions.m in Sources */ = {isa = PBXBuildFile; fileRef = 078514941801C703004199DB /* NSDictionary+URLAdditions.m */; };
		07B4D86A17FAF9C70090303E /* Foundation.framework in Frameworks */ = {isa = PBXBuildFile; fileRef = 07B4D86917FAF9C70090303E /* Foundation.framework */; };
		07B4D86C17FAF9C70090303E /* CoreGraphics.framework in Frameworks */ = {isa = PBXBuildFile; fileRef = 07B4D86B17FAF9C70090303E /* CoreGraphics.framework */; };
		07B4D86E17FAF9C70090303E /* UIKit.framework in Frameworks */ = {isa = PBXBuildFile; fileRef = 07B4D86D17FAF9C70090303E /* UIKit.framework */; };
		07B4D87417FAF9C70090303E /* InfoPlist.strings in Resources */ = {isa = PBXBuildFile; fileRef = 07B4D87217FAF9C70090303E /* InfoPlist.strings */; };
		07B4D87617FAF9C70090303E /* main.m in Sources */ = {isa = PBXBuildFile; fileRef = 07B4D87517FAF9C70090303E /* main.m */; };
		07B4D87A17FAF9C70090303E /* AppDelegate.m in Sources */ = {isa = PBXBuildFile; fileRef = 07B4D87917FAF9C70090303E /* AppDelegate.m */; };
		07B4D87D17FAF9C70090303E /* Main.storyboard in Resources */ = {isa = PBXBuildFile; fileRef = 07B4D87B17FAF9C70090303E /* Main.storyboard */; };
		07B4D88017FAF9C70090303E /* ViewController.m in Sources */ = {isa = PBXBuildFile; fileRef = 07B4D87F17FAF9C70090303E /* ViewController.m */; };
		07B4D88217FAF9C70090303E /* Images.xcassets in Resources */ = {isa = PBXBuildFile; fileRef = 07B4D88117FAF9C70090303E /* Images.xcassets */; };
		07B4D88917FAF9C70090303E /* XCTest.framework in Frameworks */ = {isa = PBXBuildFile; fileRef = 07B4D88817FAF9C70090303E /* XCTest.framework */; };
		07B4D88A17FAF9C70090303E /* Foundation.framework in Frameworks */ = {isa = PBXBuildFile; fileRef = 07B4D86917FAF9C70090303E /* Foundation.framework */; };
		07B4D88B17FAF9C70090303E /* UIKit.framework in Frameworks */ = {isa = PBXBuildFile; fileRef = 07B4D86D17FAF9C70090303E /* UIKit.framework */; };
		07B4D89317FAF9C70090303E /* InfoPlist.strings in Resources */ = {isa = PBXBuildFile; fileRef = 07B4D89117FAF9C70090303E /* InfoPlist.strings */; };
		07B4D89517FAF9C70090303E /* ChicagoTransitTests.m in Sources */ = {isa = PBXBuildFile; fileRef = 07B4D89417FAF9C70090303E /* ChicagoTransitTests.m */; };
		90707D9FBE4E475C84D67516 /* libPods.a in Frameworks */ = {isa = PBXBuildFile; fileRef = 65E24D39ED3A445EA4C1EE03 /* libPods.a */; };
/* End PBXBuildFile section */

/* Begin PBXContainerItemProxy section */
		07B4D88C17FAF9C70090303E /* PBXContainerItemProxy */ = {
			isa = PBXContainerItemProxy;
			containerPortal = 07B4D85E17FAF9C70090303E /* Project object */;
			proxyType = 1;
			remoteGlobalIDString = 07B4D86517FAF9C70090303E;
			remoteInfo = ChicagoTransit;
		};
/* End PBXContainerItemProxy section */

/* Begin PBXFileReference section */
		07373EE017FB928B00AB2B13 /* ChicagoTransit.entitlements */ = {isa = PBXFileReference; lastKnownFileType = text.xml; path = ChicagoTransit.entitlements; sourceTree = "<group>"; };
		07373EE117FB929F00AB2B13 /* StoreKit.framework */ = {isa = PBXFileReference; lastKnownFileType = wrapper.framework; name = StoreKit.framework; path = System/Library/Frameworks/StoreKit.framework; sourceTree = SDKROOT; };
		07373EE317FB92B200AB2B13 /* MapKit.framework */ = {isa = PBXFileReference; lastKnownFileType = wrapper.framework; name = MapKit.framework; path = System/Library/Frameworks/MapKit.framework; sourceTree = SDKROOT; };
		0746D43318006465002EA77D /* CTAEndpoints.h */ = {isa = PBXFileReference; fileEncoding = 4; lastKnownFileType = sourcecode.c.h; path = CTAEndpoints.h; sourceTree = "<group>"; };
		0746D43418006465002EA77D /* CTAEndpoints.m */ = {isa = PBXFileReference; fileEncoding = 4; lastKnownFileType = sourcecode.c.objc; path = CTAEndpoints.m; sourceTree = "<group>"; };
		0746D436180090EE002EA77D /* Route.h */ = {isa = PBXFileReference; fileEncoding = 4; lastKnownFileType = sourcecode.c.h; path = Route.h; sourceTree = "<group>"; };
		0746D437180090EE002EA77D /* Route.m */ = {isa = PBXFileReference; fileEncoding = 4; lastKnownFileType = sourcecode.c.objc; path = Route.m; sourceTree = "<group>"; };
		0746D43918009170002EA77D /* Vehicle.h */ = {isa = PBXFileReference; fileEncoding = 4; lastKnownFileType = sourcecode.c.h; path = Vehicle.h; sourceTree = "<group>"; };
		0746D43A18009170002EA77D /* Vehicle.m */ = {isa = PBXFileReference; fileEncoding = 4; lastKnownFileType = sourcecode.c.objc; path = Vehicle.m; sourceTree = "<group>"; };
		0746D43C180092C0002EA77D /* Direction.h */ = {isa = PBXFileReference; fileEncoding = 4; lastKnownFileType = sourcecode.c.h; path = Direction.h; sourceTree = "<group>"; };
		0746D43D180092C0002EA77D /* Direction.m */ = {isa = PBXFileReference; fileEncoding = 4; lastKnownFileType = sourcecode.c.objc; path = Direction.m; sourceTree = "<group>"; };
		0746D43F180092ED002EA77D /* BusStop.h */ = {isa = PBXFileReference; fileEncoding = 4; lastKnownFileType = sourcecode.c.h; path = BusStop.h; sourceTree = "<group>"; };
		0746D440180092ED002EA77D /* BusStop.m */ = {isa = PBXFileReference; fileEncoding = 4; lastKnownFileType = sourcecode.c.objc; path = BusStop.m; sourceTree = "<group>"; };
		0746D4421800935F002EA77D /* Pattern.h */ = {isa = PBXFileReference; fileEncoding = 4; lastKnownFileType = sourcecode.c.h; path = Pattern.h; sourceTree = "<group>"; };
		0746D4431800935F002EA77D /* Pattern.m */ = {isa = PBXFileReference; fileEncoding = 4; lastKnownFileType = sourcecode.c.objc; path = Pattern.m; sourceTree = "<group>"; };
		0746D44518009656002EA77D /* Pt.h */ = {isa = PBXFileReference; fileEncoding = 4; lastKnownFileType = sourcecode.c.h; path = Pt.h; sourceTree = "<group>"; };
		0746D44618009656002EA77D /* Pt.m */ = {isa = PBXFileReference; fileEncoding = 4; lastKnownFileType = sourcecode.c.objc; path = Pt.m; sourceTree = "<group>"; };
		0746D4481800974F002EA77D /* Prediction.h */ = {isa = PBXFileReference; fileEncoding = 4; lastKnownFileType = sourcecode.c.h; path = Prediction.h; sourceTree = "<group>"; };
		0746D4491800974F002EA77D /* Prediction.m */ = {isa = PBXFileReference; fileEncoding = 4; lastKnownFileType = sourcecode.c.objc; path = Prediction.m; sourceTree = "<group>"; };
		0746D44C18009968002EA77D /* ServiceBulletin.h */ = {isa = PBXFileReference; fileEncoding = 4; lastKnownFileType = sourcecode.c.h; path = ServiceBulletin.h; sourceTree = "<group>"; };
		0746D44D18009968002EA77D /* ServiceBulletin.m */ = {isa = PBXFileReference; fileEncoding = 4; lastKnownFileType = sourcecode.c.objc; path = ServiceBulletin.m; sourceTree = "<group>"; };
		0746D44F18009AB8002EA77D /* AffectedService.h */ = {isa = PBXFileReference; fileEncoding = 4; lastKnownFileType = sourcecode.c.h; path = AffectedService.h; sourceTree = "<group>"; };
		0746D45018009AB8002EA77D /* AffectedService.m */ = {isa = PBXFileReference; fileEncoding = 4; lastKnownFileType = sourcecode.c.objc; path = AffectedService.m; sourceTree = "<group>"; };
		0746D45218009F25002EA77D /* MappingProvider.h */ = {isa = PBXFileReference; fileEncoding = 4; lastKnownFileType = sourcecode.c.h; path = MappingProvider.h; sourceTree = "<group>"; };
		0746D45318009F25002EA77D /* MappingProvider.m */ = {isa = PBXFileReference; fileEncoding = 4; lastKnownFileType = sourcecode.c.objc; path = MappingProvider.m; sourceTree = "<group>"; };
		0746D4551800AEC4002EA77D /* MobileCoreServices.framework */ = {isa = PBXFileReference; lastKnownFileType = wrapper.framework; name = MobileCoreServices.framework; path = System/Library/Frameworks/MobileCoreServices.framework; sourceTree = SDKROOT; };
		0746D4571800AED0002EA77D /* SystemConfiguration.framework */ = {isa = PBXFileReference; lastKnownFileType = wrapper.framework; name = SystemConfiguration.framework; path = System/Library/Frameworks/SystemConfiguration.framework; sourceTree = SDKROOT; };
		078514931801C703004199DB /* NSDictionary+URLAdditions.h */ = {isa = PBXFileReference; fileEncoding = 4; lastKnownFileType = sourcecode.c.h; path = "NSDictionary+URLAdditions.h"; sourceTree = "<group>"; };
		078514941801C703004199DB /* NSDictionary+URLAdditions.m */ = {isa = PBXFileReference; fileEncoding = 4; lastKnownFileType = sourcecode.c.objc; path = "NSDictionary+URLAdditions.m"; sourceTree = "<group>"; };
		07B4D86617FAF9C70090303E /* ChicagoTransit.app */ = {isa = PBXFileReference; explicitFileType = wrapper.application; includeInIndex = 0; path = ChicagoTransit.app; sourceTree = BUILT_PRODUCTS_DIR; };
		07B4D86917FAF9C70090303E /* Foundation.framework */ = {isa = PBXFileReference; lastKnownFileType = wrapper.framework; name = Foundation.framework; path = System/Library/Frameworks/Foundation.framework; sourceTree = SDKROOT; };
		07B4D86B17FAF9C70090303E /* CoreGraphics.framework */ = {isa = PBXFileReference; lastKnownFileType = wrapper.framework; name = CoreGraphics.framework; path = System/Library/Frameworks/CoreGraphics.framework; sourceTree = SDKROOT; };
		07B4D86D17FAF9C70090303E /* UIKit.framework */ = {isa = PBXFileReference; lastKnownFileType = wrapper.framework; name = UIKit.framework; path = System/Library/Frameworks/UIKit.framework; sourceTree = SDKROOT; };
		07B4D87117FAF9C70090303E /* ChicagoTransit-Info.plist */ = {isa = PBXFileReference; lastKnownFileType = text.plist.xml; path = "ChicagoTransit-Info.plist"; sourceTree = "<group>"; };
		07B4D87317FAF9C70090303E /* en */ = {isa = PBXFileReference; lastKnownFileType = text.plist.strings; name = en; path = en.lproj/InfoPlist.strings; sourceTree = "<group>"; };
		07B4D87517FAF9C70090303E /* main.m */ = {isa = PBXFileReference; lastKnownFileType = sourcecode.c.objc; path = main.m; sourceTree = "<group>"; };
		07B4D87717FAF9C70090303E /* ChicagoTransit-Prefix.pch */ = {isa = PBXFileReference; lastKnownFileType = sourcecode.c.h; path = "ChicagoTransit-Prefix.pch"; sourceTree = "<group>"; };
		07B4D87817FAF9C70090303E /* AppDelegate.h */ = {isa = PBXFileReference; lastKnownFileType = sourcecode.c.h; path = AppDelegate.h; sourceTree = "<group>"; };
		07B4D87917FAF9C70090303E /* AppDelegate.m */ = {isa = PBXFileReference; lastKnownFileType = sourcecode.c.objc; path = AppDelegate.m; sourceTree = "<group>"; };
		07B4D87C17FAF9C70090303E /* Base */ = {isa = PBXFileReference; lastKnownFileType = file.storyboard; name = Base; path = Base.lproj/Main.storyboard; sourceTree = "<group>"; };
		07B4D87E17FAF9C70090303E /* ViewController.h */ = {isa = PBXFileReference; lastKnownFileType = sourcecode.c.h; path = ViewController.h; sourceTree = "<group>"; };
		07B4D87F17FAF9C70090303E /* ViewController.m */ = {isa = PBXFileReference; lastKnownFileType = sourcecode.c.objc; path = ViewController.m; sourceTree = "<group>"; };
		07B4D88117FAF9C70090303E /* Images.xcassets */ = {isa = PBXFileReference; lastKnownFileType = folder.assetcatalog; path = Images.xcassets; sourceTree = "<group>"; };
		07B4D88717FAF9C70090303E /* ChicagoTransitTests.xctest */ = {isa = PBXFileReference; explicitFileType = wrapper.cfbundle; includeInIndex = 0; path = ChicagoTransitTests.xctest; sourceTree = BUILT_PRODUCTS_DIR; };
		07B4D88817FAF9C70090303E /* XCTest.framework */ = {isa = PBXFileReference; lastKnownFileType = wrapper.framework; name = XCTest.framework; path = Library/Frameworks/XCTest.framework; sourceTree = DEVELOPER_DIR; };
		07B4D89017FAF9C70090303E /* ChicagoTransitTests-Info.plist */ = {isa = PBXFileReference; lastKnownFileType = text.plist.xml; path = "ChicagoTransitTests-Info.plist"; sourceTree = "<group>"; };
		07B4D89217FAF9C70090303E /* en */ = {isa = PBXFileReference; lastKnownFileType = text.plist.strings; name = en; path = en.lproj/InfoPlist.strings; sourceTree = "<group>"; };
		07B4D89417FAF9C70090303E /* ChicagoTransitTests.m */ = {isa = PBXFileReference; lastKnownFileType = sourcecode.c.objc; path = ChicagoTransitTests.m; sourceTree = "<group>"; };
		31DF06E093974C749DBF6659 /* Pods.xcconfig */ = {isa = PBXFileReference; includeInIndex = 1; lastKnownFileType = text.xcconfig; name = Pods.xcconfig; path = Pods/Pods.xcconfig; sourceTree = "<group>"; };
		65E24D39ED3A445EA4C1EE03 /* libPods.a */ = {isa = PBXFileReference; explicitFileType = archive.ar; includeInIndex = 0; path = libPods.a; sourceTree = BUILT_PRODUCTS_DIR; };
/* End PBXFileReference section */

/* Begin PBXFrameworksBuildPhase section */
		07B4D86317FAF9C70090303E /* Frameworks */ = {
			isa = PBXFrameworksBuildPhase;
			buildActionMask = 2147483647;
			files = (
				0746D4581800AED0002EA77D /* SystemConfiguration.framework in Frameworks */,
				0746D4561800AEC4002EA77D /* MobileCoreServices.framework in Frameworks */,
				07B4D86C17FAF9C70090303E /* CoreGraphics.framework in Frameworks */,
				07B4D86E17FAF9C70090303E /* UIKit.framework in Frameworks */,
				07373EE417FB92B200AB2B13 /* MapKit.framework in Frameworks */,
				07B4D86A17FAF9C70090303E /* Foundation.framework in Frameworks */,
				07373EE217FB929F00AB2B13 /* StoreKit.framework in Frameworks */,
				90707D9FBE4E475C84D67516 /* libPods.a in Frameworks */,
			);
			runOnlyForDeploymentPostprocessing = 0;
		};
		07B4D88417FAF9C70090303E /* Frameworks */ = {
			isa = PBXFrameworksBuildPhase;
			buildActionMask = 2147483647;
			files = (
				07B4D88917FAF9C70090303E /* XCTest.framework in Frameworks */,
				07B4D88B17FAF9C70090303E /* UIKit.framework in Frameworks */,
				07B4D88A17FAF9C70090303E /* Foundation.framework in Frameworks */,
			);
			runOnlyForDeploymentPostprocessing = 0;
		};
/* End PBXFrameworksBuildPhase section */

/* Begin PBXGroup section */
		0746D44B18009906002EA77D /* Models */ = {
			isa = PBXGroup;
			children = (
				0746D436180090EE002EA77D /* Route.h */,
				0746D437180090EE002EA77D /* Route.m */,
				0746D43918009170002EA77D /* Vehicle.h */,
				0746D43A18009170002EA77D /* Vehicle.m */,
				0746D43C180092C0002EA77D /* Direction.h */,
				0746D43D180092C0002EA77D /* Direction.m */,
				0746D43F180092ED002EA77D /* BusStop.h */,
				0746D440180092ED002EA77D /* BusStop.m */,
				0746D4421800935F002EA77D /* Pattern.h */,
				0746D4431800935F002EA77D /* Pattern.m */,
				0746D44518009656002EA77D /* Pt.h */,
				0746D44618009656002EA77D /* Pt.m */,
				0746D4481800974F002EA77D /* Prediction.h */,
				0746D4491800974F002EA77D /* Prediction.m */,
				0746D44C18009968002EA77D /* ServiceBulletin.h */,
				0746D44D18009968002EA77D /* ServiceBulletin.m */,
				0746D44F18009AB8002EA77D /* AffectedService.h */,
				0746D45018009AB8002EA77D /* AffectedService.m */,
			);
			name = Models;
			sourceTree = "<group>";
		};
		07B4D85D17FAF9C70090303E = {
			isa = PBXGroup;
			children = (
				07B4D86F17FAF9C70090303E /* ChicagoTransit */,
				07B4D88E17FAF9C70090303E /* ChicagoTransitTests */,
				07B4D86817FAF9C70090303E /* Frameworks */,
				07B4D86717FAF9C70090303E /* Products */,
				31DF06E093974C749DBF6659 /* Pods.xcconfig */,
			);
			sourceTree = "<group>";
		};
		07B4D86717FAF9C70090303E /* Products */ = {
			isa = PBXGroup;
			children = (
				07B4D86617FAF9C70090303E /* ChicagoTransit.app */,
				07B4D88717FAF9C70090303E /* ChicagoTransitTests.xctest */,
			);
			name = Products;
			sourceTree = "<group>";
		};
		07B4D86817FAF9C70090303E /* Frameworks */ = {
			isa = PBXGroup;
			children = (
				0746D4571800AED0002EA77D /* SystemConfiguration.framework */,
				0746D4551800AEC4002EA77D /* MobileCoreServices.framework */,
				07373EE317FB92B200AB2B13 /* MapKit.framework */,
				07373EE117FB929F00AB2B13 /* StoreKit.framework */,
				07B4D86917FAF9C70090303E /* Foundation.framework */,
				07B4D86B17FAF9C70090303E /* CoreGraphics.framework */,
				07B4D86D17FAF9C70090303E /* UIKit.framework */,
				07B4D88817FAF9C70090303E /* XCTest.framework */,
				65E24D39ED3A445EA4C1EE03 /* libPods.a */,
			);
			name = Frameworks;
			sourceTree = "<group>";
		};
		07B4D86F17FAF9C70090303E /* ChicagoTransit */ = {
			isa = PBXGroup;
			children = (
				07373EE017FB928B00AB2B13 /* ChicagoTransit.entitlements */,
				07B4D87817FAF9C70090303E /* AppDelegate.h */,
				07B4D87917FAF9C70090303E /* AppDelegate.m */,
				07B4D87B17FAF9C70090303E /* Main.storyboard */,
				07B4D87E17FAF9C70090303E /* ViewController.h */,
				07B4D87F17FAF9C70090303E /* ViewController.m */,
				0746D43318006465002EA77D /* CTAEndpoints.h */,
				0746D43418006465002EA77D /* CTAEndpoints.m */,
				0746D45218009F25002EA77D /* MappingProvider.h */,
				0746D45318009F25002EA77D /* MappingProvider.m */,
				078514931801C703004199DB /* NSDictionary+URLAdditions.h */,
				078514941801C703004199DB /* NSDictionary+URLAdditions.m */,
				0746D44B18009906002EA77D /* Models */,
				07B4D88117FAF9C70090303E /* Images.xcassets */,
				07B4D87017FAF9C70090303E /* Supporting Files */,
			);
			path = ChicagoTransit;
			sourceTree = "<group>";
		};
		07B4D87017FAF9C70090303E /* Supporting Files */ = {
			isa = PBXGroup;
			children = (
				07B4D87117FAF9C70090303E /* ChicagoTransit-Info.plist */,
				07B4D87217FAF9C70090303E /* InfoPlist.strings */,
				07B4D87517FAF9C70090303E /* main.m */,
				07B4D87717FAF9C70090303E /* ChicagoTransit-Prefix.pch */,
			);
			name = "Supporting Files";
			sourceTree = "<group>";
		};
		07B4D88E17FAF9C70090303E /* ChicagoTransitTests */ = {
			isa = PBXGroup;
			children = (
				07B4D89417FAF9C70090303E /* ChicagoTransitTests.m */,
				07B4D88F17FAF9C70090303E /* Supporting Files */,
			);
			path = ChicagoTransitTests;
			sourceTree = "<group>";
		};
		07B4D88F17FAF9C70090303E /* Supporting Files */ = {
			isa = PBXGroup;
			children = (
				07B4D89017FAF9C70090303E /* ChicagoTransitTests-Info.plist */,
				07B4D89117FAF9C70090303E /* InfoPlist.strings */,
			);
			name = "Supporting Files";
			sourceTree = "<group>";
		};
/* End PBXGroup section */

/* Begin PBXNativeTarget section */
		07B4D86517FAF9C70090303E /* ChicagoTransit */ = {
			isa = PBXNativeTarget;
			buildConfigurationList = 07B4D89817FAF9C70090303E /* Build configuration list for PBXNativeTarget "ChicagoTransit" */;
			buildPhases = (
				158F48E20B6B418C9CB2558E /* Check Pods Manifest.lock */,
				07B4D86217FAF9C70090303E /* Sources */,
				07B4D86317FAF9C70090303E /* Frameworks */,
				07B4D86417FAF9C70090303E /* Resources */,
				D5203AB9A3BC4787ACBB42E9 /* Copy Pods Resources */,
			);
			buildRules = (
			);
			dependencies = (
			);
			name = ChicagoTransit;
			productName = ChicagoTransit;
			productReference = 07B4D86617FAF9C70090303E /* ChicagoTransit.app */;
			productType = "com.apple.product-type.application";
		};
		07B4D88617FAF9C70090303E /* ChicagoTransitTests */ = {
			isa = PBXNativeTarget;
			buildConfigurationList = 07B4D89B17FAF9C70090303E /* Build configuration list for PBXNativeTarget "ChicagoTransitTests" */;
			buildPhases = (
				07B4D88317FAF9C70090303E /* Sources */,
				07B4D88417FAF9C70090303E /* Frameworks */,
				07B4D88517FAF9C70090303E /* Resources */,
			);
			buildRules = (
			);
			dependencies = (
				07B4D88D17FAF9C70090303E /* PBXTargetDependency */,
			);
			name = ChicagoTransitTests;
			productName = ChicagoTransitTests;
			productReference = 07B4D88717FAF9C70090303E /* ChicagoTransitTests.xctest */;
			productType = "com.apple.product-type.bundle.unit-test";
		};
/* End PBXNativeTarget section */

/* Begin PBXProject section */
		07B4D85E17FAF9C70090303E /* Project object */ = {
			isa = PBXProject;
			attributes = {
				LastUpgradeCheck = 0500;
				ORGANIZATIONNAME = Sandalsoft;
				TargetAttributes = {
					07B4D86517FAF9C70090303E = {
						DevelopmentTeam = 6CVB9YAXS8;
						SystemCapabilities = {
							com.apple.BackgroundModes = {
								enabled = 1;
							};
							com.apple.InAppPurchase = {
								enabled = 1;
							};
							com.apple.iCloud = {
								enabled = 1;
							};
							com.apple.iOS = {
								enabled = 1;
							};
						};
					};
					07B4D88617FAF9C70090303E = {
						TestTargetID = 07B4D86517FAF9C70090303E;
					};
				};
			};
			buildConfigurationList = 07B4D86117FAF9C70090303E /* Build configuration list for PBXProject "ChicagoTransit" */;
			compatibilityVersion = "Xcode 3.2";
			developmentRegion = English;
			hasScannedForEncodings = 0;
			knownRegions = (
				en,
				Base,
			);
			mainGroup = 07B4D85D17FAF9C70090303E;
			productRefGroup = 07B4D86717FAF9C70090303E /* Products */;
			projectDirPath = "";
			projectRoot = "";
			targets = (
				07B4D86517FAF9C70090303E /* ChicagoTransit */,
				07B4D88617FAF9C70090303E /* ChicagoTransitTests */,
			);
		};
/* End PBXProject section */

/* Begin PBXResourcesBuildPhase section */
		07B4D86417FAF9C70090303E /* Resources */ = {
			isa = PBXResourcesBuildPhase;
			buildActionMask = 2147483647;
			files = (
				07B4D88217FAF9C70090303E /* Images.xcassets in Resources */,
				07B4D87417FAF9C70090303E /* InfoPlist.strings in Resources */,
				07B4D87D17FAF9C70090303E /* Main.storyboard in Resources */,
			);
			runOnlyForDeploymentPostprocessing = 0;
		};
		07B4D88517FAF9C70090303E /* Resources */ = {
			isa = PBXResourcesBuildPhase;
			buildActionMask = 2147483647;
			files = (
				07B4D89317FAF9C70090303E /* InfoPlist.strings in Resources */,
			);
			runOnlyForDeploymentPostprocessing = 0;
		};
/* End PBXResourcesBuildPhase section */

/* Begin PBXShellScriptBuildPhase section */
		158F48E20B6B418C9CB2558E /* Check Pods Manifest.lock */ = {
			isa = PBXShellScriptBuildPhase;
			buildActionMask = 2147483647;
			files = (
			);
			inputPaths = (
			);
			name = "Check Pods Manifest.lock";
			outputPaths = (
			);
			runOnlyForDeploymentPostprocessing = 0;
			shellPath = /bin/sh;
			shellScript = "diff \"${PODS_ROOT}/../Podfile.lock\" \"${PODS_ROOT}/Manifest.lock\" > /dev/null\nif [[ $? != 0 ]] ; then\n    cat << EOM\nerror: The sandbox is not in sync with the Podfile.lock. Run 'pod install' or update your CocoaPods installation.\nEOM\n    exit 1\nfi\n";
			showEnvVarsInLog = 0;
		};
		D5203AB9A3BC4787ACBB42E9 /* Copy Pods Resources */ = {
			isa = PBXShellScriptBuildPhase;
			buildActionMask = 2147483647;
			files = (
			);
			inputPaths = (
			);
			name = "Copy Pods Resources";
			outputPaths = (
			);
			runOnlyForDeploymentPostprocessing = 0;
			shellPath = /bin/sh;
			shellScript = "\"${SRCROOT}/Pods/Pods-resources.sh\"\n";
			showEnvVarsInLog = 0;
		};
/* End PBXShellScriptBuildPhase section */

/* Begin PBXSourcesBuildPhase section */
		07B4D86217FAF9C70090303E /* Sources */ = {
			isa = PBXSourcesBuildPhase;
			buildActionMask = 2147483647;
			files = (
				07B4D88017FAF9C70090303E /* ViewController.m in Sources */,
				07B4D87A17FAF9C70090303E /* AppDelegate.m in Sources */,
				0746D43E180092C0002EA77D /* Direction.m in Sources */,
				0746D45418009F25002EA77D /* MappingProvider.m in Sources */,
				078514951801C703004199DB /* NSDictionary+URLAdditions.m in Sources */,
				0746D44A1800974F002EA77D /* Prediction.m in Sources */,
				0746D45118009AB8002EA77D /* AffectedService.m in Sources */,
				0746D43B18009170002EA77D /* Vehicle.m in Sources */,
				0746D44E18009968002EA77D /* ServiceBulletin.m in Sources */,
				0746D438180090EE002EA77D /* Route.m in Sources */,
				0746D4441800935F002EA77D /* Pattern.m in Sources */,
				0746D44718009656002EA77D /* Pt.m in Sources */,
				07B4D87617FAF9C70090303E /* main.m in Sources */,
				0746D43518006465002EA77D /* CTAEndpoints.m in Sources */,
				0746D441180092ED002EA77D /* BusStop.m in Sources */,
			);
			runOnlyForDeploymentPostprocessing = 0;
		};
		07B4D88317FAF9C70090303E /* Sources */ = {
			isa = PBXSourcesBuildPhase;
			buildActionMask = 2147483647;
			files = (
				07B4D89517FAF9C70090303E /* ChicagoTransitTests.m in Sources */,
			);
			runOnlyForDeploymentPostprocessing = 0;
		};
/* End PBXSourcesBuildPhase section */

/* Begin PBXTargetDependency section */
		07B4D88D17FAF9C70090303E /* PBXTargetDependency */ = {
			isa = PBXTargetDependency;
			target = 07B4D86517FAF9C70090303E /* ChicagoTransit */;
			targetProxy = 07B4D88C17FAF9C70090303E /* PBXContainerItemProxy */;
		};
/* End PBXTargetDependency section */

/* Begin PBXVariantGroup section */
		07B4D87217FAF9C70090303E /* InfoPlist.strings */ = {
			isa = PBXVariantGroup;
			children = (
				07B4D87317FAF9C70090303E /* en */,
			);
			name = InfoPlist.strings;
			sourceTree = "<group>";
		};
		07B4D87B17FAF9C70090303E /* Main.storyboard */ = {
			isa = PBXVariantGroup;
			children = (
				07B4D87C17FAF9C70090303E /* Base */,
			);
			name = Main.storyboard;
			sourceTree = "<group>";
		};
		07B4D89117FAF9C70090303E /* InfoPlist.strings */ = {
			isa = PBXVariantGroup;
			children = (
				07B4D89217FAF9C70090303E /* en */,
			);
			name = InfoPlist.strings;
			sourceTree = "<group>";
		};
/* End PBXVariantGroup section */

/* Begin XCBuildConfiguration section */
		07B4D89617FAF9C70090303E /* Debug */ = {
			isa = XCBuildConfiguration;
			buildSettings = {
				ALWAYS_SEARCH_USER_PATHS = NO;
				ARCHS = "$(ARCHS_STANDARD_INCLUDING_64_BIT)";
				CLANG_CXX_LANGUAGE_STANDARD = "gnu++0x";
				CLANG_CXX_LIBRARY = "libc++";
				CLANG_ENABLE_MODULES = YES;
				CLANG_ENABLE_OBJC_ARC = YES;
				CLANG_WARN_BOOL_CONVERSION = YES;
				CLANG_WARN_CONSTANT_CONVERSION = YES;
				CLANG_WARN_DIRECT_OBJC_ISA_USAGE = YES_ERROR;
				CLANG_WARN_EMPTY_BODY = YES;
				CLANG_WARN_ENUM_CONVERSION = YES;
				CLANG_WARN_INT_CONVERSION = YES;
				CLANG_WARN_OBJC_ROOT_CLASS = YES_ERROR;
				CLANG_WARN__DUPLICATE_METHOD_MATCH = YES;
				"CODE_SIGN_IDENTITY[sdk=iphoneos*]" = "iPhone Developer";
				COPY_PHASE_STRIP = NO;
				GCC_C_LANGUAGE_STANDARD = gnu99;
				GCC_DYNAMIC_NO_PIC = NO;
				GCC_OPTIMIZATION_LEVEL = 0;
				GCC_PREPROCESSOR_DEFINITIONS = (
					"DEBUG=1",
					"$(inherited)",
				);
				GCC_SYMBOLS_PRIVATE_EXTERN = NO;
				GCC_WARN_64_TO_32_BIT_CONVERSION = YES;
				GCC_WARN_ABOUT_RETURN_TYPE = YES_ERROR;
				GCC_WARN_UNDECLARED_SELECTOR = YES;
				GCC_WARN_UNINITIALIZED_AUTOS = YES;
				GCC_WARN_UNUSED_FUNCTION = YES;
				GCC_WARN_UNUSED_VARIABLE = YES;
				IPHONEOS_DEPLOYMENT_TARGET = 7.0;
				ONLY_ACTIVE_ARCH = YES;
				SDKROOT = iphoneos;
			};
			name = Debug;
		};
		07B4D89717FAF9C70090303E /* Release */ = {
			isa = XCBuildConfiguration;
			buildSettings = {
				ALWAYS_SEARCH_USER_PATHS = NO;
				ARCHS = "$(ARCHS_STANDARD_INCLUDING_64_BIT)";
				CLANG_CXX_LANGUAGE_STANDARD = "gnu++0x";
				CLANG_CXX_LIBRARY = "libc++";
				CLANG_ENABLE_MODULES = YES;
				CLANG_ENABLE_OBJC_ARC = YES;
				CLANG_WARN_BOOL_CONVERSION = YES;
				CLANG_WARN_CONSTANT_CONVERSION = YES;
				CLANG_WARN_DIRECT_OBJC_ISA_USAGE = YES_ERROR;
				CLANG_WARN_EMPTY_BODY = YES;
				CLANG_WARN_ENUM_CONVERSION = YES;
				CLANG_WARN_INT_CONVERSION = YES;
				CLANG_WARN_OBJC_ROOT_CLASS = YES_ERROR;
				CLANG_WARN__DUPLICATE_METHOD_MATCH = YES;
				"CODE_SIGN_IDENTITY[sdk=iphoneos*]" = "iPhone Developer";
				COPY_PHASE_STRIP = YES;
				ENABLE_NS_ASSERTIONS = NO;
				GCC_C_LANGUAGE_STANDARD = gnu99;
				GCC_WARN_64_TO_32_BIT_CONVERSION = YES;
				GCC_WARN_ABOUT_RETURN_TYPE = YES_ERROR;
				GCC_WARN_UNDECLARED_SELECTOR = YES;
				GCC_WARN_UNINITIALIZED_AUTOS = YES;
				GCC_WARN_UNUSED_FUNCTION = YES;
				GCC_WARN_UNUSED_VARIABLE = YES;
				IPHONEOS_DEPLOYMENT_TARGET = 7.0;
				SDKROOT = iphoneos;
				VALIDATE_PRODUCT = YES;
			};
			name = Release;
		};
		07B4D89917FAF9C70090303E /* Debug */ = {
			isa = XCBuildConfiguration;
			baseConfigurationReference = 31DF06E093974C749DBF6659 /* Pods.xcconfig */;
			buildSettings = {
				ASSETCATALOG_COMPILER_APPICON_NAME = AppIcon;
				ASSETCATALOG_COMPILER_LAUNCHIMAGE_NAME = LaunchImage;
				CODE_SIGN_ENTITLEMENTS = ChicagoTransit/ChicagoTransit.entitlements;
				CODE_SIGN_IDENTITY = "iPhone Developer";
				"CODE_SIGN_IDENTITY[sdk=iphoneos*]" = "iPhone Developer";
				GCC_PRECOMPILE_PREFIX_HEADER = YES;
				GCC_PREFIX_HEADER = "ChicagoTransit/ChicagoTransit-Prefix.pch";
				INFOPLIST_FILE = "ChicagoTransit/ChicagoTransit-Info.plist";
				PRODUCT_NAME = "$(TARGET_NAME)";
				PROVISIONING_PROFILE = "";
				WRAPPER_EXTENSION = app;
			};
			name = Debug;
		};
		07B4D89A17FAF9C70090303E /* Release */ = {
			isa = XCBuildConfiguration;
			baseConfigurationReference = 31DF06E093974C749DBF6659 /* Pods.xcconfig */;
			buildSettings = {
				ASSETCATALOG_COMPILER_APPICON_NAME = AppIcon;
				ASSETCATALOG_COMPILER_LAUNCHIMAGE_NAME = LaunchImage;
				CODE_SIGN_ENTITLEMENTS = ChicagoTransit/ChicagoTransit.entitlements;
				CODE_SIGN_IDENTITY = "iPhone Developer";
				"CODE_SIGN_IDENTITY[sdk=iphoneos*]" = "iPhone Developer";
				GCC_PRECOMPILE_PREFIX_HEADER = YES;
				GCC_PREFIX_HEADER = "ChicagoTransit/ChicagoTransit-Prefix.pch";
				INFOPLIST_FILE = "ChicagoTransit/ChicagoTransit-Info.plist";
				PRODUCT_NAME = "$(TARGET_NAME)";
				PROVISIONING_PROFILE = "";
				WRAPPER_EXTENSION = app;
			};
			name = Release;
		};
		07B4D89C17FAF9C70090303E /* Debug */ = {
			isa = XCBuildConfiguration;
			buildSettings = {
				ARCHS = "$(ARCHS_STANDARD_INCLUDING_64_BIT)";
				BUNDLE_LOADER = "$(BUILT_PRODUCTS_DIR)/ChicagoTransit.app/ChicagoTransit";
				FRAMEWORK_SEARCH_PATHS = (
					"$(SDKROOT)/Developer/Library/Frameworks",
					"$(inherited)",
					"$(DEVELOPER_FRAMEWORKS_DIR)",
				);
				GCC_PRECOMPILE_PREFIX_HEADER = YES;
				GCC_PREFIX_HEADER = "ChicagoTransit/ChicagoTransit-Prefix.pch";
				GCC_PREPROCESSOR_DEFINITIONS = (
					"DEBUG=1",
					"$(inherited)",
				);
				INFOPLIST_FILE = "ChicagoTransitTests/ChicagoTransitTests-Info.plist";
				PRODUCT_NAME = "$(TARGET_NAME)";
				TEST_HOST = "$(BUNDLE_LOADER)";
				WRAPPER_EXTENSION = xctest;
			};
			name = Debug;
		};
		07B4D89D17FAF9C70090303E /* Release */ = {
			isa = XCBuildConfiguration;
			buildSettings = {
				ARCHS = "$(ARCHS_STANDARD_INCLUDING_64_BIT)";
				BUNDLE_LOADER = "$(BUILT_PRODUCTS_DIR)/ChicagoTransit.app/ChicagoTransit";
				FRAMEWORK_SEARCH_PATHS = (
					"$(SDKROOT)/Developer/Library/Frameworks",
					"$(inherited)",
					"$(DEVELOPER_FRAMEWORKS_DIR)",
				);
				GCC_PRECOMPILE_PREFIX_HEADER = YES;
				GCC_PREFIX_HEADER = "ChicagoTransit/ChicagoTransit-Prefix.pch";
				INFOPLIST_FILE = "ChicagoTransitTests/ChicagoTransitTests-Info.plist";
				PRODUCT_NAME = "$(TARGET_NAME)";
				TEST_HOST = "$(BUNDLE_LOADER)";
				WRAPPER_EXTENSION = xctest;
			};
			name = Release;
		};
/* End XCBuildConfiguration section */

/* Begin XCConfigurationList section */
		07B4D86117FAF9C70090303E /* Build configuration list for PBXProject "ChicagoTransit" */ = {
			isa = XCConfigurationList;
			buildConfigurations = (
				07B4D89617FAF9C70090303E /* Debug */,
				07B4D89717FAF9C70090303E /* Release */,
			);
			defaultConfigurationIsVisible = 0;
			defaultConfigurationName = Release;
		};
		07B4D89817FAF9C70090303E /* Build configuration list for PBXNativeTarget "ChicagoTransit" */ = {
			isa = XCConfigurationList;
			buildConfigurations = (
				07B4D89917FAF9C70090303E /* Debug */,
				07B4D89A17FAF9C70090303E /* Release */,
			);
			defaultConfigurationIsVisible = 0;
			defaultConfigurationName = Release;
		};
		07B4D89B17FAF9C70090303E /* Build configuration list for PBXNativeTarget "ChicagoTransitTests" */ = {
			isa = XCConfigurationList;
			buildConfigurations = (
				07B4D89C17FAF9C70090303E /* Debug */,
				07B4D89D17FAF9C70090303E /* Release */,
			);
			defaultConfigurationIsVisible = 0;
			defaultConfigurationName = Release;
		};
/* End XCConfigurationList section */
	};
	rootObject = 07B4D85E17FAF9C70090303E /* Project object */;
}
